
Microsoft Visual Studio Solution File, Format Version 12.00
# Visual Studio 2012
Project("{FAE04EC0-301F-11D3-BF4B-00C04F79EFBC}") = "ArithmaticProgression", "ArithmaticProgression\ArithmaticProgression.csproj", "{3E7F13DD-81B9-4A5F-98AD-E6F98DFC4110}"
EndProject
Global
	GlobalSection(SolutionConfigurationPlatforms) = preSolution
		Debug|Any CPU = Debug|Any CPU
		Release|Any CPU = Release|Any CPU
	EndGlobalSection
	GlobalSection(ProjectConfigurationPlatforms) = postSolution
		{3E7F13DD-81B9-4A5F-98AD-E6F98DFC4110}.Debug|Any CPU.ActiveCfg = Debug|Any CPU
		{3E7F13DD-81B9-4A5F-98AD-E6F98DFC4110}.Debug|Any CPU.Build.0 = Debug|Any CPU
		{3E7F13DD-81B9-4A5F-98AD-E6F98DFC4110}.Release|Any CPU.ActiveCfg = Release|Any CPU
		{3E7F13DD-81B9-4A5F-98AD-E6F98DFC4110}.Release|Any CPU.Build.0 = Release|Any CPU
	EndGlobalSection
	GlobalSection(SolutionProperties) = preSolution
		HideSolutionNode = FALSE
	EndGlobalSection
EndGlobal
